
Microsoft Visual Studio Solution File, Format Version 12.00
Project("{2150E333-8FDC-42A3-9474-1A3956D46DE8}") = "01 - Application Stack", "01 - Application Stack", "{3572CC32-68B5-44B1-AD25-25C8B21FC3D8}"
EndProject
Project("{2150E333-8FDC-42A3-9474-1A3956D46DE8}") = "02 - Application Layer", "02 - Application Layer", "{A19EEE15-17A4-4045-85B6-D75DB0FF7AFC}"
EndProject
Project("{2150E333-8FDC-42A3-9474-1A3956D46DE8}") = "03 - Domain Layer", "03 - Domain Layer", "{133A4465-30A8-4B91-9FF5-0B149E2952F8}"
EndProject
Project("{2150E333-8FDC-42A3-9474-1A3956D46DE8}") = "04 - Infrastructure Layer", "04 - Infrastructure Layer", "{0FDF71A2-AC2D-449A-BD53-7148BC949D7D}"
EndProject
Project("{FAE04EC0-301F-11D3-BF4B-00C04F79EFBC}") = "InvestmentManagementSystem.API", "InvestmentManagementSystem.API\InvestmentManagementSystem.API.csproj", "{2C1F10E6-66E8-4EA0-A2C4-313F575BE178}"
EndProject
Project("{FAE04EC0-301F-11D3-BF4B-00C04F79EFBC}") = "InvestmentManagementSystem.Application", "InvestmentManagementSystem.Application\InvestmentManagementSystem.Application.csproj", "{4501C7BB-D08B-48C7-B4F5-1000B3FD12D6}"
EndProject
Project("{FAE04EC0-301F-11D3-BF4B-00C04F79EFBC}") = "InvestmentManagementSystem.Domain", "InvestmentManagementSystem.Domain\InvestmentManagementSystem.Domain.csproj", "{ABD0D0B5-A568-42F7-84C2-F20834503EAF}"
EndProject
Project("{FAE04EC0-301F-11D3-BF4B-00C04F79EFBC}") = "InvestmentManagementSystem.Infrastructure", "InvestmentManagementSystem.Infrastructure\InvestmentManagementSystem.Infrastructure.csproj", "{79C8F261-FF2E-4D37-8CBF-9F4370B10098}"
EndProject
Project("{FAE04EC0-301F-11D3-BF4B-00C04F79EFBC}") = "InvestmentManagementSystem.API.Tests", "InvestmentManagementSystem.API.Tests\InvestmentManagementSystem.API.Tests.csproj", "{51A0363D-7314-4C93-A194-A285A7DB36E2}"
EndProject
Project("{2150E333-8FDC-42A3-9474-1A3956D46DE8}") = "05 - Utils", "05 - Utils", "{5249D355-2F60-45A6-8023-00E8CE146737}"
EndProject
Project("{FAE04EC0-301F-11D3-BF4B-00C04F79EFBC}") = "InvestmentManagementSystem.Utils", "InvestmentManagementSystem.Utils\InvestmentManagementSystem.Utils.csproj", "{D65F4496-3BF6-4A72-B626-8870343278CE}"
EndProject
Global
	GlobalSection(SolutionConfigurationPlatforms) = preSolution
		Debug|Any CPU = Debug|Any CPU
		Release|Any CPU = Release|Any CPU
	EndGlobalSection
	GlobalSection(ProjectConfigurationPlatforms) = postSolution
		{2C1F10E6-66E8-4EA0-A2C4-313F575BE178}.Debug|Any CPU.ActiveCfg = Debug|Any CPU
		{2C1F10E6-66E8-4EA0-A2C4-313F575BE178}.Debug|Any CPU.Build.0 = Debug|Any CPU
		{2C1F10E6-66E8-4EA0-A2C4-313F575BE178}.Release|Any CPU.ActiveCfg = Release|Any CPU
		{2C1F10E6-66E8-4EA0-A2C4-313F575BE178}.Release|Any CPU.Build.0 = Release|Any CPU
		{4501C7BB-D08B-48C7-B4F5-1000B3FD12D6}.Debug|Any CPU.ActiveCfg = Debug|Any CPU
		{4501C7BB-D08B-48C7-B4F5-1000B3FD12D6}.Debug|Any CPU.Build.0 = Debug|Any CPU
		{4501C7BB-D08B-48C7-B4F5-1000B3FD12D6}.Release|Any CPU.ActiveCfg = Release|Any CPU
		{4501C7BB-D08B-48C7-B4F5-1000B3FD12D6}.Release|Any CPU.Build.0 = Release|Any CPU
		{ABD0D0B5-A568-42F7-84C2-F20834503EAF}.Debug|Any CPU.ActiveCfg = Debug|Any CPU
		{ABD0D0B5-A568-42F7-84C2-F20834503EAF}.Debug|Any CPU.Build.0 = Debug|Any CPU
		{ABD0D0B5-A568-42F7-84C2-F20834503EAF}.Release|Any CPU.ActiveCfg = Release|Any CPU
		{ABD0D0B5-A568-42F7-84C2-F20834503EAF}.Release|Any CPU.Build.0 = Release|Any CPU
		{79C8F261-FF2E-4D37-8CBF-9F4370B10098}.Debug|Any CPU.ActiveCfg = Debug|Any CPU
		{79C8F261-FF2E-4D37-8CBF-9F4370B10098}.Debug|Any CPU.Build.0 = Debug|Any CPU
		{79C8F261-FF2E-4D37-8CBF-9F4370B10098}.Release|Any CPU.ActiveCfg = Release|Any CPU
		{79C8F261-FF2E-4D37-8CBF-9F4370B10098}.Release|Any CPU.Build.0 = Release|Any CPU
		{51A0363D-7314-4C93-A194-A285A7DB36E2}.Debug|Any CPU.ActiveCfg = Debug|Any CPU
		{51A0363D-7314-4C93-A194-A285A7DB36E2}.Debug|Any CPU.Build.0 = Debug|Any CPU
		{51A0363D-7314-4C93-A194-A285A7DB36E2}.Release|Any CPU.ActiveCfg = Release|Any CPU
		{51A0363D-7314-4C93-A194-A285A7DB36E2}.Release|Any CPU.Build.0 = Release|Any CPU
		{D65F4496-3BF6-4A72-B626-8870343278CE}.Debug|Any CPU.ActiveCfg = Debug|Any CPU
		{D65F4496-3BF6-4A72-B626-8870343278CE}.Debug|Any CPU.Build.0 = Debug|Any CPU
		{D65F4496-3BF6-4A72-B626-8870343278CE}.Release|Any CPU.ActiveCfg = Release|Any CPU
		{D65F4496-3BF6-4A72-B626-8870343278CE}.Release|Any CPU.Build.0 = Release|Any CPU
	EndGlobalSection
	GlobalSection(NestedProjects) = preSolution
		{2C1F10E6-66E8-4EA0-A2C4-313F575BE178} = {3572CC32-68B5-44B1-AD25-25C8B21FC3D8}
		{4501C7BB-D08B-48C7-B4F5-1000B3FD12D6} = {A19EEE15-17A4-4045-85B6-D75DB0FF7AFC}
		{ABD0D0B5-A568-42F7-84C2-F20834503EAF} = {133A4465-30A8-4B91-9FF5-0B149E2952F8}
		{79C8F261-FF2E-4D37-8CBF-9F4370B10098} = {0FDF71A2-AC2D-449A-BD53-7148BC949D7D}
		{51A0363D-7314-4C93-A194-A285A7DB36E2} = {3572CC32-68B5-44B1-AD25-25C8B21FC3D8}
		{D65F4496-3BF6-4A72-B626-8870343278CE} = {5249D355-2F60-45A6-8023-00E8CE146737}
	EndGlobalSection
EndGlobal
